
Microsoft Visual Studio Solution File, Format Version 12.00
# Visual Studio 15
VisualStudioVersion = 15.0.26430.14
MinimumVisualStudioVersion = 10.0.40219.1
Project("{FAE04EC0-301F-11D3-BF4B-00C04F79EFBC}") = "ISuitePro.ERP.Digital.CxUI", "ISuitePro.ERP.Digital.CxUI\ISuitePro.ERP.Digital.CxUI\ISuitePro.ERP.Digital.CxUI.csproj", "{42125FB8-F398-4866-A002-C9A5CDEB604A}"
EndProject
Project("{FAE04EC0-301F-11D3-BF4B-00C04F79EFBC}") = "ISuitePro.ERP.Digital.CxUI.Droid", "ISuitePro.ERP.Digital.CxUI\ISuitePro.ERP.Digital.CxUI.Droid\ISuitePro.ERP.Digital.CxUI.Droid.csproj", "{F7D8D0AA-2A7C-4E94-9FE9-E502AAEF5391}"
EndProject
Project("{FAE04EC0-301F-11D3-BF4B-00C04F79EFBC}") = "ISuitePro.ERP.Digital.CxUI.iOS", "ISuitePro.ERP.Digital.CxUI\ISuitePro.ERP.Digital.CxUI.iOS\ISuitePro.ERP.Digital.CxUI.iOS.csproj", "{812B2A7F-55C0-4D2F-9371-EC0B0DA2C35A}"
EndProject
Project("{FAE04EC0-301F-11D3-BF4B-00C04F79EFBC}") = "ISuitePro.ERP.Digital.CxUI.UWP", "ISuitePro.ERP.Digital.CxUI\ISuitePro.ERP.Digital.CxUI.UWP\ISuitePro.ERP.Digital.CxUI.UWP.csproj", "{C850DDFE-C0FF-4428-9924-FE8924F64B14}"
EndProject
Global
	GlobalSection(SolutionConfigurationPlatforms) = preSolution
		Ad-Hoc|Any CPU = Ad-Hoc|Any CPU
		Ad-Hoc|ARM = Ad-Hoc|ARM
		Ad-Hoc|iPhone = Ad-Hoc|iPhone
		Ad-Hoc|iPhoneSimulator = Ad-Hoc|iPhoneSimulator
		Ad-Hoc|x64 = Ad-Hoc|x64
		Ad-Hoc|x86 = Ad-Hoc|x86
		AppStore|Any CPU = AppStore|Any CPU
		AppStore|ARM = AppStore|ARM
		AppStore|iPhone = AppStore|iPhone
		AppStore|iPhoneSimulator = AppStore|iPhoneSimulator
		AppStore|x64 = AppStore|x64
		AppStore|x86 = AppStore|x86
		Debug|Any CPU = Debug|Any CPU
		Debug|ARM = Debug|ARM
		Debug|iPhone = Debug|iPhone
		Debug|iPhoneSimulator = Debug|iPhoneSimulator
		Debug|x64 = Debug|x64
		Debug|x86 = Debug|x86
		Release|Any CPU = Release|Any CPU
		Release|ARM = Release|ARM
		Release|iPhone = Release|iPhone
		Release|iPhoneSimulator = Release|iPhoneSimulator
		Release|x64 = Release|x64
		Release|x86 = Release|x86
	EndGlobalSection
	GlobalSection(ProjectConfigurationPlatforms) = postSolution
		{42125FB8-F398-4866-A002-C9A5CDEB604A}.Ad-Hoc|Any CPU.ActiveCfg = Release|Any CPU
		{42125FB8-F398-4866-A002-C9A5CDEB604A}.Ad-Hoc|Any CPU.Build.0 = Release|Any CPU
		{42125FB8-F398-4866-A002-C9A5CDEB604A}.Ad-Hoc|ARM.ActiveCfg = Release|Any CPU
		{42125FB8-F398-4866-A002-C9A5CDEB604A}.Ad-Hoc|ARM.Build.0 = Release|Any CPU
		{42125FB8-F398-4866-A002-C9A5CDEB604A}.Ad-Hoc|iPhone.ActiveCfg = Release|Any CPU
		{42125FB8-F398-4866-A002-C9A5CDEB604A}.Ad-Hoc|iPhone.Build.0 = Release|Any CPU
		{42125FB8-F398-4866-A002-C9A5CDEB604A}.Ad-Hoc|iPhoneSimulator.ActiveCfg = Release|Any CPU
		{42125FB8-F398-4866-A002-C9A5CDEB604A}.Ad-Hoc|iPhoneSimulator.Build.0 = Release|Any CPU
		{42125FB8-F398-4866-A002-C9A5CDEB604A}.Ad-Hoc|x64.ActiveCfg = Release|Any CPU
		{42125FB8-F398-4866-A002-C9A5CDEB604A}.Ad-Hoc|x64.Build.0 = Release|Any CPU
		{42125FB8-F398-4866-A002-C9A5CDEB604A}.Ad-Hoc|x86.ActiveCfg = Release|Any CPU
		{42125FB8-F398-4866-A002-C9A5CDEB604A}.Ad-Hoc|x86.Build.0 = Release|Any CPU
		{42125FB8-F398-4866-A002-C9A5CDEB604A}.AppStore|Any CPU.ActiveCfg = Release|Any CPU
		{42125FB8-F398-4866-A002-C9A5CDEB604A}.AppStore|Any CPU.Build.0 = Release|Any CPU
		{42125FB8-F398-4866-A002-C9A5CDEB604A}.AppStore|ARM.ActiveCfg = Release|Any CPU
		{42125FB8-F398-4866-A002-C9A5CDEB604A}.AppStore|ARM.Build.0 = Release|Any CPU
		{42125FB8-F398-4866-A002-C9A5CDEB604A}.AppStore|iPhone.ActiveCfg = Release|Any CPU
		{42125FB8-F398-4866-A002-C9A5CDEB604A}.AppStore|iPhone.Build.0 = Release|Any CPU
		{42125FB8-F398-4866-A002-C9A5CDEB604A}.AppStore|iPhoneSimulator.ActiveCfg = Release|Any CPU
		{42125FB8-F398-4866-A002-C9A5CDEB604A}.AppStore|iPhoneSimulator.Build.0 = Release|Any CPU
		{42125FB8-F398-4866-A002-C9A5CDEB604A}.AppStore|x64.ActiveCfg = Release|Any CPU
		{42125FB8-F398-4866-A002-C9A5CDEB604A}.AppStore|x64.Build.0 = Release|Any CPU
		{42125FB8-F398-4866-A002-C9A5CDEB604A}.AppStore|x86.ActiveCfg = Release|Any CPU
		{42125FB8-F398-4866-A002-C9A5CDEB604A}.AppStore|x86.Build.0 = Release|Any CPU
		{42125FB8-F398-4866-A002-C9A5CDEB604A}.Debug|Any CPU.ActiveCfg = Debug|Any CPU
		{42125FB8-F398-4866-A002-C9A5CDEB604A}.Debug|Any CPU.Build.0 = Debug|Any CPU
		{42125FB8-F398-4866-A002-C9A5CDEB604A}.Debug|ARM.ActiveCfg = Debug|Any CPU
		{42125FB8-F398-4866-A002-C9A5CDEB604A}.Debug|ARM.Build.0 = Debug|Any CPU
		{42125FB8-F398-4866-A002-C9A5CDEB604A}.Debug|iPhone.ActiveCfg = Debug|Any CPU
		{42125FB8-F398-4866-A002-C9A5CDEB604A}.Debug|iPhone.Build.0 = Debug|Any CPU
		{42125FB8-F398-4866-A002-C9A5CDEB604A}.Debug|iPhoneSimulator.ActiveCfg = Debug|Any CPU
		{42125FB8-F398-4866-A002-C9A5CDEB604A}.Debug|iPhoneSimulator.Build.0 = Debug|Any CPU
		{42125FB8-F398-4866-A002-C9A5CDEB604A}.Debug|x64.ActiveCfg = Debug|Any CPU
		{42125FB8-F398-4866-A002-C9A5CDEB604A}.Debug|x64.Build.0 = Debug|Any CPU
		{42125FB8-F398-4866-A002-C9A5CDEB604A}.Debug|x86.ActiveCfg = Debug|Any CPU
		{42125FB8-F398-4866-A002-C9A5CDEB604A}.Debug|x86.Build.0 = Debug|Any CPU
		{42125FB8-F398-4866-A002-C9A5CDEB604A}.Release|Any CPU.ActiveCfg = Release|Any CPU
		{42125FB8-F398-4866-A002-C9A5CDEB604A}.Release|Any CPU.Build.0 = Release|Any CPU
		{42125FB8-F398-4866-A002-C9A5CDEB604A}.Release|ARM.ActiveCfg = Release|Any CPU
		{42125FB8-F398-4866-A002-C9A5CDEB604A}.Release|ARM.Build.0 = Release|Any CPU
		{42125FB8-F398-4866-A002-C9A5CDEB604A}.Release|iPhone.ActiveCfg = Release|Any CPU
		{42125FB8-F398-4866-A002-C9A5CDEB604A}.Release|iPhone.Build.0 = Release|Any CPU
		{42125FB8-F398-4866-A002-C9A5CDEB604A}.Release|iPhoneSimulator.ActiveCfg = Release|Any CPU
		{42125FB8-F398-4866-A002-C9A5CDEB604A}.Release|iPhoneSimulator.Build.0 = Release|Any CPU
		{42125FB8-F398-4866-A002-C9A5CDEB604A}.Release|x64.ActiveCfg = Release|Any CPU
		{42125FB8-F398-4866-A002-C9A5CDEB604A}.Release|x64.Build.0 = Release|Any CPU
		{42125FB8-F398-4866-A002-C9A5CDEB604A}.Release|x86.ActiveCfg = Release|Any CPU
		{42125FB8-F398-4866-A002-C9A5CDEB604A}.Release|x86.Build.0 = Release|Any CPU
		{F7D8D0AA-2A7C-4E94-9FE9-E502AAEF5391}.Ad-Hoc|Any CPU.ActiveCfg = Release|Any CPU
		{F7D8D0AA-2A7C-4E94-9FE9-E502AAEF5391}.Ad-Hoc|Any CPU.Build.0 = Release|Any CPU
		{F7D8D0AA-2A7C-4E94-9FE9-E502AAEF5391}.Ad-Hoc|Any CPU.Deploy.0 = Release|Any CPU
		{F7D8D0AA-2A7C-4E94-9FE9-E502AAEF5391}.Ad-Hoc|ARM.ActiveCfg = Release|Any CPU
		{F7D8D0AA-2A7C-4E94-9FE9-E502AAEF5391}.Ad-Hoc|ARM.Build.0 = Release|Any CPU
		{F7D8D0AA-2A7C-4E94-9FE9-E502AAEF5391}.Ad-Hoc|ARM.Deploy.0 = Release|Any CPU
		{F7D8D0AA-2A7C-4E94-9FE9-E502AAEF5391}.Ad-Hoc|iPhone.ActiveCfg = Release|Any CPU
		{F7D8D0AA-2A7C-4E94-9FE9-E502AAEF5391}.Ad-Hoc|iPhone.Build.0 = Release|Any CPU
		{F7D8D0AA-2A7C-4E94-9FE9-E502AAEF5391}.Ad-Hoc|iPhone.Deploy.0 = Release|Any CPU
		{F7D8D0AA-2A7C-4E94-9FE9-E502AAEF5391}.Ad-Hoc|iPhoneSimulator.ActiveCfg = Release|Any CPU
		{F7D8D0AA-2A7C-4E94-9FE9-E502AAEF5391}.Ad-Hoc|iPhoneSimulator.Build.0 = Release|Any CPU
		{F7D8D0AA-2A7C-4E94-9FE9-E502AAEF5391}.Ad-Hoc|iPhoneSimulator.Deploy.0 = Release|Any CPU
		{F7D8D0AA-2A7C-4E94-9FE9-E502AAEF5391}.Ad-Hoc|x64.ActiveCfg = Release|Any CPU
		{F7D8D0AA-2A7C-4E94-9FE9-E502AAEF5391}.Ad-Hoc|x64.Build.0 = Release|Any CPU
		{F7D8D0AA-2A7C-4E94-9FE9-E502AAEF5391}.Ad-Hoc|x64.Deploy.0 = Release|Any CPU
		{F7D8D0AA-2A7C-4E94-9FE9-E502AAEF5391}.Ad-Hoc|x86.ActiveCfg = Release|Any CPU
		{F7D8D0AA-2A7C-4E94-9FE9-E502AAEF5391}.Ad-Hoc|x86.Build.0 = Release|Any CPU
		{F7D8D0AA-2A7C-4E94-9FE9-E502AAEF5391}.Ad-Hoc|x86.Deploy.0 = Release|Any CPU
		{F7D8D0AA-2A7C-4E94-9FE9-E502AAEF5391}.AppStore|Any CPU.ActiveCfg = Release|Any CPU
		{F7D8D0AA-2A7C-4E94-9FE9-E502AAEF5391}.AppStore|Any CPU.Build.0 = Release|Any CPU
		{F7D8D0AA-2A7C-4E94-9FE9-E502AAEF5391}.AppStore|Any CPU.Deploy.0 = Release|Any CPU
		{F7D8D0AA-2A7C-4E94-9FE9-E502AAEF5391}.AppStore|ARM.ActiveCfg = Release|Any CPU
		{F7D8D0AA-2A7C-4E94-9FE9-E502AAEF5391}.AppStore|ARM.Build.0 = Release|Any CPU
		{F7D8D0AA-2A7C-4E94-9FE9-E502AAEF5391}.AppStore|ARM.Deploy.0 = Release|Any CPU
		{F7D8D0AA-2A7C-4E94-9FE9-E502AAEF5391}.AppStore|iPhone.ActiveCfg = Release|Any CPU
		{F7D8D0AA-2A7C-4E94-9FE9-E502AAEF5391}.AppStore|iPhone.Build.0 = Release|Any CPU
		{F7D8D0AA-2A7C-4E94-9FE9-E502AAEF5391}.AppStore|iPhone.Deploy.0 = Release|Any CPU
		{F7D8D0AA-2A7C-4E94-9FE9-E502AAEF5391}.AppStore|iPhoneSimulator.ActiveCfg = Release|Any CPU
		{F7D8D0AA-2A7C-4E94-9FE9-E502AAEF5391}.AppStore|iPhoneSimulator.Build.0 = Release|Any CPU
		{F7D8D0AA-2A7C-4E94-9FE9-E502AAEF5391}.AppStore|iPhoneSimulator.Deploy.0 = Release|Any CPU
		{F7D8D0AA-2A7C-4E94-9FE9-E502AAEF5391}.AppStore|x64.ActiveCfg = Release|Any CPU
		{F7D8D0AA-2A7C-4E94-9FE9-E502AAEF5391}.AppStore|x64.Build.0 = Release|Any CPU
		{F7D8D0AA-2A7C-4E94-9FE9-E502AAEF5391}.AppStore|x64.Deploy.0 = Release|Any CPU
		{F7D8D0AA-2A7C-4E94-9FE9-E502AAEF5391}.AppStore|x86.ActiveCfg = Release|Any CPU
		{F7D8D0AA-2A7C-4E94-9FE9-E502AAEF5391}.AppStore|x86.Build.0 = Release|Any CPU
		{F7D8D0AA-2A7C-4E94-9FE9-E502AAEF5391}.AppStore|x86.Deploy.0 = Release|Any CPU
		{F7D8D0AA-2A7C-4E94-9FE9-E502AAEF5391}.Debug|Any CPU.ActiveCfg = Debug|Any CPU
		{F7D8D0AA-2A7C-4E94-9FE9-E502AAEF5391}.Debug|Any CPU.Build.0 = Debug|Any CPU
		{F7D8D0AA-2A7C-4E94-9FE9-E502AAEF5391}.Debug|Any CPU.Deploy.0 = Debug|Any CPU
		{F7D8D0AA-2A7C-4E94-9FE9-E502AAEF5391}.Debug|ARM.ActiveCfg = Debug|Any CPU
		{F7D8D0AA-2A7C-4E94-9FE9-E502AAEF5391}.Debug|ARM.Build.0 = Debug|Any CPU
		{F7D8D0AA-2A7C-4E94-9FE9-E502AAEF5391}.Debug|ARM.Deploy.0 = Debug|Any CPU
		{F7D8D0AA-2A7C-4E94-9FE9-E502AAEF5391}.Debug|iPhone.ActiveCfg = Debug|Any CPU
		{F7D8D0AA-2A7C-4E94-9FE9-E502AAEF5391}.Debug|iPhone.Build.0 = Debug|Any CPU
		{F7D8D0AA-2A7C-4E94-9FE9-E502AAEF5391}.Debug|iPhone.Deploy.0 = Debug|Any CPU
		{F7D8D0AA-2A7C-4E94-9FE9-E502AAEF5391}.Debug|iPhoneSimulator.ActiveCfg = Debug|Any CPU
		{F7D8D0AA-2A7C-4E94-9FE9-E502AAEF5391}.Debug|iPhoneSimulator.Build.0 = Debug|Any CPU
		{F7D8D0AA-2A7C-4E94-9FE9-E502AAEF5391}.Debug|iPhoneSimulator.Deploy.0 = Debug|Any CPU
		{F7D8D0AA-2A7C-4E94-9FE9-E502AAEF5391}.Debug|x64.ActiveCfg = Debug|Any CPU
		{F7D8D0AA-2A7C-4E94-9FE9-E502AAEF5391}.Debug|x64.Build.0 = Debug|Any CPU
		{F7D8D0AA-2A7C-4E94-9FE9-E502AAEF5391}.Debug|x64.Deploy.0 = Debug|Any CPU
		{F7D8D0AA-2A7C-4E94-9FE9-E502AAEF5391}.Debug|x86.ActiveCfg = Debug|Any CPU
		{F7D8D0AA-2A7C-4E94-9FE9-E502AAEF5391}.Debug|x86.Build.0 = Debug|Any CPU
		{F7D8D0AA-2A7C-4E94-9FE9-E502AAEF5391}.Debug|x86.Deploy.0 = Debug|Any CPU
		{F7D8D0AA-2A7C-4E94-9FE9-E502AAEF5391}.Release|Any CPU.ActiveCfg = Release|Any CPU
		{F7D8D0AA-2A7C-4E94-9FE9-E502AAEF5391}.Release|Any CPU.Build.0 = Release|Any CPU
		{F7D8D0AA-2A7C-4E94-9FE9-E502AAEF5391}.Release|Any CPU.Deploy.0 = Release|Any CPU
		{F7D8D0AA-2A7C-4E94-9FE9-E502AAEF5391}.Release|ARM.ActiveCfg = Release|Any CPU
		{F7D8D0AA-2A7C-4E94-9FE9-E502AAEF5391}.Release|ARM.Build.0 = Release|Any CPU
		{F7D8D0AA-2A7C-4E94-9FE9-E502AAEF5391}.Release|ARM.Deploy.0 = Release|Any CPU
		{F7D8D0AA-2A7C-4E94-9FE9-E502AAEF5391}.Release|iPhone.ActiveCfg = Release|Any CPU
		{F7D8D0AA-2A7C-4E94-9FE9-E502AAEF5391}.Release|iPhone.Build.0 = Release|Any CPU
		{F7D8D0AA-2A7C-4E94-9FE9-E502AAEF5391}.Release|iPhone.Deploy.0 = Release|Any CPU
		{F7D8D0AA-2A7C-4E94-9FE9-E502AAEF5391}.Release|iPhoneSimulator.ActiveCfg = Release|Any CPU
		{F7D8D0AA-2A7C-4E94-9FE9-E502AAEF5391}.Release|iPhoneSimulator.Build.0 = Release|Any CPU
		{F7D8D0AA-2A7C-4E94-9FE9-E502AAEF5391}.Release|iPhoneSimulator.Deploy.0 = Release|Any CPU
		{F7D8D0AA-2A7C-4E94-9FE9-E502AAEF5391}.Release|x64.ActiveCfg = Release|Any CPU
		{F7D8D0AA-2A7C-4E94-9FE9-E502AAEF5391}.Release|x64.Build.0 = Release|Any CPU
		{F7D8D0AA-2A7C-4E94-9FE9-E502AAEF5391}.Release|x64.Deploy.0 = Release|Any CPU
		{F7D8D0AA-2A7C-4E94-9FE9-E502AAEF5391}.Release|x86.ActiveCfg = Release|Any CPU
		{F7D8D0AA-2A7C-4E94-9FE9-E502AAEF5391}.Release|x86.Build.0 = Release|Any CPU
		{F7D8D0AA-2A7C-4E94-9FE9-E502AAEF5391}.Release|x86.Deploy.0 = Release|Any CPU
		{812B2A7F-55C0-4D2F-9371-EC0B0DA2C35A}.Ad-Hoc|Any CPU.ActiveCfg = Ad-Hoc|iPhone
		{812B2A7F-55C0-4D2F-9371-EC0B0DA2C35A}.Ad-Hoc|ARM.ActiveCfg = Ad-Hoc|iPhone
		{812B2A7F-55C0-4D2F-9371-EC0B0DA2C35A}.Ad-Hoc|iPhone.ActiveCfg = Ad-Hoc|iPhone
		{812B2A7F-55C0-4D2F-9371-EC0B0DA2C35A}.Ad-Hoc|iPhone.Build.0 = Ad-Hoc|iPhone
		{812B2A7F-55C0-4D2F-9371-EC0B0DA2C35A}.Ad-Hoc|iPhoneSimulator.ActiveCfg = Ad-Hoc|iPhoneSimulator
		{812B2A7F-55C0-4D2F-9371-EC0B0DA2C35A}.Ad-Hoc|iPhoneSimulator.Build.0 = Ad-Hoc|iPhoneSimulator
		{812B2A7F-55C0-4D2F-9371-EC0B0DA2C35A}.Ad-Hoc|x64.ActiveCfg = Ad-Hoc|iPhone
		{812B2A7F-55C0-4D2F-9371-EC0B0DA2C35A}.Ad-Hoc|x86.ActiveCfg = Ad-Hoc|iPhone
		{812B2A7F-55C0-4D2F-9371-EC0B0DA2C35A}.AppStore|Any CPU.ActiveCfg = AppStore|iPhone
		{812B2A7F-55C0-4D2F-9371-EC0B0DA2C35A}.AppStore|ARM.ActiveCfg = AppStore|iPhone
		{812B2A7F-55C0-4D2F-9371-EC0B0DA2C35A}.AppStore|iPhone.ActiveCfg = AppStore|iPhone
		{812B2A7F-55C0-4D2F-9371-EC0B0DA2C35A}.AppStore|iPhone.Build.0 = AppStore|iPhone
		{812B2A7F-55C0-4D2F-9371-EC0B0DA2C35A}.AppStore|iPhoneSimulator.ActiveCfg = AppStore|iPhoneSimulator
		{812B2A7F-55C0-4D2F-9371-EC0B0DA2C35A}.AppStore|iPhoneSimulator.Build.0 = AppStore|iPhoneSimulator
		{812B2A7F-55C0-4D2F-9371-EC0B0DA2C35A}.AppStore|x64.ActiveCfg = AppStore|iPhone
		{812B2A7F-55C0-4D2F-9371-EC0B0DA2C35A}.AppStore|x86.ActiveCfg = AppStore|iPhone
		{812B2A7F-55C0-4D2F-9371-EC0B0DA2C35A}.Debug|Any CPU.ActiveCfg = Debug|iPhone
		{812B2A7F-55C0-4D2F-9371-EC0B0DA2C35A}.Debug|ARM.ActiveCfg = Debug|iPhone
		{812B2A7F-55C0-4D2F-9371-EC0B0DA2C35A}.Debug|iPhone.ActiveCfg = Debug|iPhone
		{812B2A7F-55C0-4D2F-9371-EC0B0DA2C35A}.Debug|iPhone.Build.0 = Debug|iPhone
		{812B2A7F-55C0-4D2F-9371-EC0B0DA2C35A}.Debug|iPhoneSimulator.ActiveCfg = Debug|iPhoneSimulator
		{812B2A7F-55C0-4D2F-9371-EC0B0DA2C35A}.Debug|iPhoneSimulator.Build.0 = Debug|iPhoneSimulator
		{812B2A7F-55C0-4D2F-9371-EC0B0DA2C35A}.Debug|x64.ActiveCfg = Debug|iPhone
		{812B2A7F-55C0-4D2F-9371-EC0B0DA2C35A}.Debug|x86.ActiveCfg = Debug|iPhone
		{812B2A7F-55C0-4D2F-9371-EC0B0DA2C35A}.Release|Any CPU.ActiveCfg = Release|iPhone
		{812B2A7F-55C0-4D2F-9371-EC0B0DA2C35A}.Release|ARM.ActiveCfg = Release|iPhone
		{812B2A7F-55C0-4D2F-9371-EC0B0DA2C35A}.Release|iPhone.ActiveCfg = Release|iPhone
		{812B2A7F-55C0-4D2F-9371-EC0B0DA2C35A}.Release|iPhone.Build.0 = Release|iPhone
		{812B2A7F-55C0-4D2F-9371-EC0B0DA2C35A}.Release|iPhoneSimulator.ActiveCfg = Release|iPhoneSimulator
		{812B2A7F-55C0-4D2F-9371-EC0B0DA2C35A}.Release|iPhoneSimulator.Build.0 = Release|iPhoneSimulator
		{812B2A7F-55C0-4D2F-9371-EC0B0DA2C35A}.Release|x64.ActiveCfg = Release|iPhone
		{812B2A7F-55C0-4D2F-9371-EC0B0DA2C35A}.Release|x86.ActiveCfg = Release|iPhone
		{C850DDFE-C0FF-4428-9924-FE8924F64B14}.Ad-Hoc|Any CPU.ActiveCfg = Release|x86
		{C850DDFE-C0FF-4428-9924-FE8924F64B14}.Ad-Hoc|Any CPU.Build.0 = Release|x86
		{C850DDFE-C0FF-4428-9924-FE8924F64B14}.Ad-Hoc|Any CPU.Deploy.0 = Release|x86
		{C850DDFE-C0FF-4428-9924-FE8924F64B14}.Ad-Hoc|ARM.ActiveCfg = Release|ARM
		{C850DDFE-C0FF-4428-9924-FE8924F64B14}.Ad-Hoc|ARM.Build.0 = Release|ARM
		{C850DDFE-C0FF-4428-9924-FE8924F64B14}.Ad-Hoc|ARM.Deploy.0 = Release|ARM
		{C850DDFE-C0FF-4428-9924-FE8924F64B14}.Ad-Hoc|iPhone.ActiveCfg = Release|x86
		{C850DDFE-C0FF-4428-9924-FE8924F64B14}.Ad-Hoc|iPhone.Build.0 = Release|x86
		{C850DDFE-C0FF-4428-9924-FE8924F64B14}.Ad-Hoc|iPhone.Deploy.0 = Release|x86
		{C850DDFE-C0FF-4428-9924-FE8924F64B14}.Ad-Hoc|iPhoneSimulator.ActiveCfg = Release|x86
		{C850DDFE-C0FF-4428-9924-FE8924F64B14}.Ad-Hoc|iPhoneSimulator.Build.0 = Release|x86
		{C850DDFE-C0FF-4428-9924-FE8924F64B14}.Ad-Hoc|iPhoneSimulator.Deploy.0 = Release|x86
		{C850DDFE-C0FF-4428-9924-FE8924F64B14}.Ad-Hoc|x64.ActiveCfg = Release|x64
		{C850DDFE-C0FF-4428-9924-FE8924F64B14}.Ad-Hoc|x64.Build.0 = Release|x64
		{C850DDFE-C0FF-4428-9924-FE8924F64B14}.Ad-Hoc|x64.Deploy.0 = Release|x64
		{C850DDFE-C0FF-4428-9924-FE8924F64B14}.Ad-Hoc|x86.ActiveCfg = Release|x86
		{C850DDFE-C0FF-4428-9924-FE8924F64B14}.Ad-Hoc|x86.Build.0 = Release|x86
		{C850DDFE-C0FF-4428-9924-FE8924F64B14}.Ad-Hoc|x86.Deploy.0 = Release|x86
		{C850DDFE-C0FF-4428-9924-FE8924F64B14}.AppStore|Any CPU.ActiveCfg = Release|x86
		{C850DDFE-C0FF-4428-9924-FE8924F64B14}.AppStore|Any CPU.Build.0 = Release|x86
		{C850DDFE-C0FF-4428-9924-FE8924F64B14}.AppStore|Any CPU.Deploy.0 = Release|x86
		{C850DDFE-C0FF-4428-9924-FE8924F64B14}.AppStore|ARM.ActiveCfg = Release|ARM
		{C850DDFE-C0FF-4428-9924-FE8924F64B14}.AppStore|ARM.Build.0 = Release|ARM
		{C850DDFE-C0FF-4428-9924-FE8924F64B14}.AppStore|ARM.Deploy.0 = Release|ARM
		{C850DDFE-C0FF-4428-9924-FE8924F64B14}.AppStore|iPhone.ActiveCfg = Release|x86
		{C850DDFE-C0FF-4428-9924-FE8924F64B14}.AppStore|iPhone.Build.0 = Release|x86
		{C850DDFE-C0FF-4428-9924-FE8924F64B14}.AppStore|iPhone.Deploy.0 = Release|x86
		{C850DDFE-C0FF-4428-9924-FE8924F64B14}.AppStore|iPhoneSimulator.ActiveCfg = Release|x86
		{C850DDFE-C0FF-4428-9924-FE8924F64B14}.AppStore|iPhoneSimulator.Build.0 = Release|x86
		{C850DDFE-C0FF-4428-9924-FE8924F64B14}.AppStore|iPhoneSimulator.Deploy.0 = Release|x86
		{C850DDFE-C0FF-4428-9924-FE8924F64B14}.AppStore|x64.ActiveCfg = Release|x64
		{C850DDFE-C0FF-4428-9924-FE8924F64B14}.AppStore|x64.Build.0 = Release|x64
		{C850DDFE-C0FF-4428-9924-FE8924F64B14}.AppStore|x64.Deploy.0 = Release|x64
		{C850DDFE-C0FF-4428-9924-FE8924F64B14}.AppStore|x86.ActiveCfg = Release|x86
		{C850DDFE-C0FF-4428-9924-FE8924F64B14}.AppStore|x86.Build.0 = Release|x86
		{C850DDFE-C0FF-4428-9924-FE8924F64B14}.AppStore|x86.Deploy.0 = Release|x86
		{C850DDFE-C0FF-4428-9924-FE8924F64B14}.Debug|Any CPU.ActiveCfg = Debug|x86
		{C850DDFE-C0FF-4428-9924-FE8924F64B14}.Debug|Any CPU.Build.0 = Debug|x86
		{C850DDFE-C0FF-4428-9924-FE8924F64B14}.Debug|Any CPU.Deploy.0 = Debug|x86
		{C850DDFE-C0FF-4428-9924-FE8924F64B14}.Debug|ARM.ActiveCfg = Debug|ARM
		{C850DDFE-C0FF-4428-9924-FE8924F64B14}.Debug|ARM.Build.0 = Debug|ARM
		{C850DDFE-C0FF-4428-9924-FE8924F64B14}.Debug|ARM.Deploy.0 = Debug|ARM
		{C850DDFE-C0FF-4428-9924-FE8924F64B14}.Debug|iPhone.ActiveCfg = Debug|x86
		{C850DDFE-C0FF-4428-9924-FE8924F64B14}.Debug|iPhoneSimulator.ActiveCfg = Debug|x86
		{C850DDFE-C0FF-4428-9924-FE8924F64B14}.Debug|x64.ActiveCfg = Debug|x64
		{C850DDFE-C0FF-4428-9924-FE8924F64B14}.Debug|x64.Build.0 = Debug|x64
		{C850DDFE-C0FF-4428-9924-FE8924F64B14}.Debug|x64.Deploy.0 = Debug|x64
		{C850DDFE-C0FF-4428-9924-FE8924F64B14}.Debug|x86.ActiveCfg = Debug|x86
		{C850DDFE-C0FF-4428-9924-FE8924F64B14}.Debug|x86.Build.0 = Debug|x86
		{C850DDFE-C0FF-4428-9924-FE8924F64B14}.Debug|x86.Deploy.0 = Debug|x86
		{C850DDFE-C0FF-4428-9924-FE8924F64B14}.Release|Any CPU.ActiveCfg = Release|x86
		{C850DDFE-C0FF-4428-9924-FE8924F64B14}.Release|ARM.ActiveCfg = Release|ARM
		{C850DDFE-C0FF-4428-9924-FE8924F64B14}.Release|ARM.Build.0 = Release|ARM
		{C850DDFE-C0FF-4428-9924-FE8924F64B14}.Release|ARM.Deploy.0 = Release|ARM
		{C850DDFE-C0FF-4428-9924-FE8924F64B14}.Release|iPhone.ActiveCfg = Release|x86
		{C850DDFE-C0FF-4428-9924-FE8924F64B14}.Release|iPhoneSimulator.ActiveCfg = Release|x86
		{C850DDFE-C0FF-4428-9924-FE8924F64B14}.Release|x64.ActiveCfg = Release|x64
		{C850DDFE-C0FF-4428-9924-FE8924F64B14}.Release|x64.Build.0 = Release|x64
		{C850DDFE-C0FF-4428-9924-FE8924F64B14}.Release|x64.Deploy.0 = Release|x64
		{C850DDFE-C0FF-4428-9924-FE8924F64B14}.Release|x86.ActiveCfg = Release|x86
		{C850DDFE-C0FF-4428-9924-FE8924F64B14}.Release|x86.Build.0 = Release|x86
		{C850DDFE-C0FF-4428-9924-FE8924F64B14}.Release|x86.Deploy.0 = Release|x86
	EndGlobalSection
	GlobalSection(SolutionProperties) = preSolution
		HideSolutionNode = FALSE
	EndGlobalSection
EndGlobal
